
Microsoft Visual Studio Solution File, Format Version 12.00
# Visual Studio Version 16
VisualStudioVersion = 16.0.31515.178
MinimumVisualStudioVersion = 10.0.40219.1
Project("{FAE04EC0-301F-11D3-BF4B-00C04F79EFBC}") = "BD.ETL.Gui", "BD.ETL.Gui\BD.ETL.Gui.csproj", "{C937399F-A4DB-4A99-9EC4-7465430781A1}"
EndProject
Project("{FAE04EC0-301F-11D3-BF4B-00C04F79EFBC}") = "DB.ETL.Data", "DB.ETL.Data\DB.ETL.Data.csproj", "{C4DE771C-41C0-46EC-954B-0DA16C3668B6}"
EndProject
Project("{159641D6-6404-4A2A-AE62-294DE0FE8301}") = "BD.ETL.Engine", "BD.ETL.Engine\BD.ETL.Engine.dtproj", "{0D6C7983-AEA0-4222-B6AC-AE55500E0D9C}"
EndProject
Global
	GlobalSection(SolutionConfigurationPlatforms) = preSolution
		Debug|Any CPU = Debug|Any CPU
		Development|Any CPU = Development|Any CPU
		Release|Any CPU = Release|Any CPU
	EndGlobalSection
	GlobalSection(ProjectConfigurationPlatforms) = postSolution
		{C937399F-A4DB-4A99-9EC4-7465430781A1}.Debug|Any CPU.ActiveCfg = Debug|Any CPU
		{C937399F-A4DB-4A99-9EC4-7465430781A1}.Debug|Any CPU.Build.0 = Debug|Any CPU
		{C937399F-A4DB-4A99-9EC4-7465430781A1}.Development|Any CPU.ActiveCfg = Debug|Any CPU
		{C937399F-A4DB-4A99-9EC4-7465430781A1}.Development|Any CPU.Build.0 = Debug|Any CPU
		{C937399F-A4DB-4A99-9EC4-7465430781A1}.Release|Any CPU.ActiveCfg = Release|Any CPU
		{C937399F-A4DB-4A99-9EC4-7465430781A1}.Release|Any CPU.Build.0 = Release|Any CPU
		{C4DE771C-41C0-46EC-954B-0DA16C3668B6}.Debug|Any CPU.ActiveCfg = Debug|Any CPU
		{C4DE771C-41C0-46EC-954B-0DA16C3668B6}.Debug|Any CPU.Build.0 = Debug|Any CPU
		{C4DE771C-41C0-46EC-954B-0DA16C3668B6}.Development|Any CPU.ActiveCfg = Debug|Any CPU
		{C4DE771C-41C0-46EC-954B-0DA16C3668B6}.Development|Any CPU.Build.0 = Debug|Any CPU
		{C4DE771C-41C0-46EC-954B-0DA16C3668B6}.Release|Any CPU.ActiveCfg = Release|Any CPU
		{C4DE771C-41C0-46EC-954B-0DA16C3668B6}.Release|Any CPU.Build.0 = Release|Any CPU
		{0D6C7983-AEA0-4222-B6AC-AE55500E0D9C}.Debug|Any CPU.ActiveCfg = Development
		{0D6C7983-AEA0-4222-B6AC-AE55500E0D9C}.Debug|Any CPU.Build.0 = Development
		{0D6C7983-AEA0-4222-B6AC-AE55500E0D9C}.Development|Any CPU.ActiveCfg = Development
		{0D6C7983-AEA0-4222-B6AC-AE55500E0D9C}.Development|Any CPU.Build.0 = Development
		{0D6C7983-AEA0-4222-B6AC-AE55500E0D9C}.Release|Any CPU.ActiveCfg = Development
		{0D6C7983-AEA0-4222-B6AC-AE55500E0D9C}.Release|Any CPU.Build.0 = Development
	EndGlobalSection
	GlobalSection(SolutionProperties) = preSolution
		HideSolutionNode = FALSE
	EndGlobalSection
	GlobalSection(ExtensibilityGlobals) = postSolution
		SolutionGuid = {6FFF889E-7F1D-4468-93FA-4C3E2163F67B}
	EndGlobalSection
EndGlobal
